
Microsoft Visual Studio Solution File, Format Version 12.00
# Visual Studio 15
VisualStudioVersion = 15.0.27130.2024
MinimumVisualStudioVersion = 10.0.40219.1
Project("{FAE04EC0-301F-11D3-BF4B-00C04F79EFBC}") = "LeskivSharp03", "LeskivSharp03\LeskivSharp03.csproj", "{D51B4934-8992-46D3-B448-5B5ECE2491F0}"
EndProject
Global
	GlobalSection(SolutionConfigurationPlatforms) = preSolution
		Debug|Any CPU = Debug|Any CPU
		Release|Any CPU = Release|Any CPU
	EndGlobalSection
	GlobalSection(ProjectConfigurationPlatforms) = postSolution
		{D51B4934-8992-46D3-B448-5B5ECE2491F0}.Debug|Any CPU.ActiveCfg = Debug|Any CPU
		{D51B4934-8992-46D3-B448-5B5ECE2491F0}.Debug|Any CPU.Build.0 = Debug|Any CPU
		{D51B4934-8992-46D3-B448-5B5ECE2491F0}.Release|Any CPU.ActiveCfg = Release|Any CPU
		{D51B4934-8992-46D3-B448-5B5ECE2491F0}.Release|Any CPU.Build.0 = Release|Any CPU
	EndGlobalSection
	GlobalSection(SolutionProperties) = preSolution
		HideSolutionNode = FALSE
	EndGlobalSection
	GlobalSection(ExtensibilityGlobals) = postSolution
		SolutionGuid = {2D11C88E-A22A-4BEC-9A22-EA6E75197EE4}
	EndGlobalSection
EndGlobal
